
Microsoft Visual Studio Solution File, Format Version 12.00
# Visual Studio Version 17
VisualStudioVersion = 17.6.33829.357
MinimumVisualStudioVersion = 10.0.40219.1
Project("{9A19103F-16F7-4668-BE54-9A1E7A4F7556}") = "API-AppGerenciamentoPousada", "API-AppGerenciamentoPousada.csproj", "{3657B8E6-6C47-411A-8BC5-80ABAF1A8036}"
EndProject
Global
	GlobalSection(SolutionConfigurationPlatforms) = preSolution
		Debug|Any CPU = Debug|Any CPU
		Release|Any CPU = Release|Any CPU
	EndGlobalSection
	GlobalSection(ProjectConfigurationPlatforms) = postSolution
		{3657B8E6-6C47-411A-8BC5-80ABAF1A8036}.Debug|Any CPU.ActiveCfg = Debug|Any CPU
		{3657B8E6-6C47-411A-8BC5-80ABAF1A8036}.Debug|Any CPU.Build.0 = Debug|Any CPU
		{3657B8E6-6C47-411A-8BC5-80ABAF1A8036}.Release|Any CPU.ActiveCfg = Release|Any CPU
		{3657B8E6-6C47-411A-8BC5-80ABAF1A8036}.Release|Any CPU.Build.0 = Release|Any CPU
	EndGlobalSection
	GlobalSection(SolutionProperties) = preSolution
		HideSolutionNode = FALSE
	EndGlobalSection
	GlobalSection(ExtensibilityGlobals) = postSolution
		SolutionGuid = {53ABE469-42D2-4176-AF92-CD041A586A1A}
	EndGlobalSection
EndGlobal
